
Microsoft Visual Studio Solution File, Format Version 12.00
# Visual Studio Version 16
VisualStudioVersion = 16.0.31911.196
MinimumVisualStudioVersion = 10.0.40219.1
Project("{FAE04EC0-301F-11D3-BF4B-00C04F79EFBC}") = "LINQ_exercise", "LINQ_exercise.csproj", "{88AF513F-4534-4830-A904-B2FD360271DC}"
EndProject
Global
	GlobalSection(SolutionConfigurationPlatforms) = preSolution
		Debug|Any CPU = Debug|Any CPU
		Release|Any CPU = Release|Any CPU
	EndGlobalSection
	GlobalSection(ProjectConfigurationPlatforms) = postSolution
		{88AF513F-4534-4830-A904-B2FD360271DC}.Debug|Any CPU.ActiveCfg = Debug|Any CPU
		{88AF513F-4534-4830-A904-B2FD360271DC}.Debug|Any CPU.Build.0 = Debug|Any CPU
		{88AF513F-4534-4830-A904-B2FD360271DC}.Release|Any CPU.ActiveCfg = Release|Any CPU
		{88AF513F-4534-4830-A904-B2FD360271DC}.Release|Any CPU.Build.0 = Release|Any CPU
	EndGlobalSection
	GlobalSection(SolutionProperties) = preSolution
		HideSolutionNode = FALSE
	EndGlobalSection
	GlobalSection(ExtensibilityGlobals) = postSolution
		SolutionGuid = {B1CFD37F-5BCC-40F5-B259-71E619374CA1}
	EndGlobalSection
EndGlobal
